
Microsoft Visual Studio Solution File, Format Version 12.00
# Visual Studio Version 16
VisualStudioVersion = 16.0.30320.27
MinimumVisualStudioVersion = 10.0.40219.1
Project("{F184B08F-C81C-45F6-A57F-5ABD9991F28F}") = "CustomMessageDialogMaker", "CustomMessageDialogMaker.vbproj", "{58FA30F7-AF54-4C80-AD2C-AF490145EF12}"
EndProject
Global
	GlobalSection(SolutionConfigurationPlatforms) = preSolution
		Debug|Any CPU = Debug|Any CPU
		Release|Any CPU = Release|Any CPU
	EndGlobalSection
	GlobalSection(ProjectConfigurationPlatforms) = postSolution
		{58FA30F7-AF54-4C80-AD2C-AF490145EF12}.Debug|Any CPU.ActiveCfg = Debug|Any CPU
		{58FA30F7-AF54-4C80-AD2C-AF490145EF12}.Debug|Any CPU.Build.0 = Debug|Any CPU
		{58FA30F7-AF54-4C80-AD2C-AF490145EF12}.Release|Any CPU.ActiveCfg = Release|Any CPU
		{58FA30F7-AF54-4C80-AD2C-AF490145EF12}.Release|Any CPU.Build.0 = Release|Any CPU
	EndGlobalSection
	GlobalSection(SolutionProperties) = preSolution
		HideSolutionNode = FALSE
	EndGlobalSection
	GlobalSection(ExtensibilityGlobals) = postSolution
		SolutionGuid = {F7BF2C5D-4E87-4006-B58D-A4C22B955596}
	EndGlobalSection
EndGlobal
